
Microsoft Visual Studio Solution File, Format Version 12.00
# Visual Studio Version 17
VisualStudioVersion = 17.10.35122.118
MinimumVisualStudioVersion = 10.0.40219.1
Project("{FAE04EC0-301F-11D3-BF4B-00C04F79EFBC}") = "YouTubeClone.Web", "YouTubeClone.Web\YouTubeClone.Web.csproj", "{7F8038A4-965B-43F9-AACD-7AAFDF74365C}"
EndProject
Global
	GlobalSection(SolutionConfigurationPlatforms) = preSolution
		Debug|Any CPU = Debug|Any CPU
		Release|Any CPU = Release|Any CPU
	EndGlobalSection
	GlobalSection(ProjectConfigurationPlatforms) = postSolution
		{7F8038A4-965B-43F9-AACD-7AAFDF74365C}.Debug|Any CPU.ActiveCfg = Debug|Any CPU
		{7F8038A4-965B-43F9-AACD-7AAFDF74365C}.Debug|Any CPU.Build.0 = Debug|Any CPU
		{7F8038A4-965B-43F9-AACD-7AAFDF74365C}.Release|Any CPU.ActiveCfg = Release|Any CPU
		{7F8038A4-965B-43F9-AACD-7AAFDF74365C}.Release|Any CPU.Build.0 = Release|Any CPU
	EndGlobalSection
	GlobalSection(SolutionProperties) = preSolution
		HideSolutionNode = FALSE
	EndGlobalSection
	GlobalSection(ExtensibilityGlobals) = postSolution
		SolutionGuid = {ED06C01B-B4C4-469C-B5FC-236D88B8D256}
	EndGlobalSection
EndGlobal
